// !$*UTF8*$!
{
	archiveVersion = 1;
	classes = {
	};
	objectVersion = 50;
	objects = {

/* Begin PBXBuildFile section */
		359247FD2119A6B6001587D0 /* AppDelegate.swift in Sources */ = {isa = PBXBuildFile; fileRef = 359247FC2119A6B6001587D0 /* AppDelegate.swift */; };
		359247FF2119A6B6001587D0 /* art.scnassets in Resources */ = {isa = PBXBuildFile; fileRef = 359247FE2119A6B6001587D0 /* art.scnassets */; };
		359248012119A6B6001587D0 /* ViewController.swift in Sources */ = {isa = PBXBuildFile; fileRef = 359248002119A6B6001587D0 /* ViewController.swift */; };
		359248042119A6B6001587D0 /* Main.storyboard in Resources */ = {isa = PBXBuildFile; fileRef = 359248022119A6B6001587D0 /* Main.storyboard */; };
		359248062119A6B8001587D0 /* Assets.xcassets in Resources */ = {isa = PBXBuildFile; fileRef = 359248052119A6B8001587D0 /* Assets.xcassets */; };
		359248092119A6B8001587D0 /* LaunchScreen.storyboard in Resources */ = {isa = PBXBuildFile; fileRef = 359248072119A6B8001587D0 /* LaunchScreen.storyboard */; };
		359248112119DFC6001587D0 /* target.png in Resources */ = {isa = PBXBuildFile; fileRef = 359248102119DFC6001587D0 /* target.png */; };
/* End PBXBuildFile section */

/* Begin PBXFileReference section */
		359247F92119A6B6001587D0 /* weirdStuff.app */ = {isa = PBXFileReference; explicitFileType = wrapper.application; includeInIndex = 0; path = weirdStuff.app; sourceTree = BUILT_PRODUCTS_DIR; };
		359247FC2119A6B6001587D0 /* AppDelegate.swift */ = {isa = PBXFileReference; lastKnownFileType = sourcecode.swift; path = AppDelegate.swift; sourceTree = "<group>"; };
		359247FE2119A6B6001587D0 /* art.scnassets */ = {isa = PBXFileReference; lastKnownFileType = wrapper.scnassets; path = art.scnassets; sourceTree = "<group>"; };
		359248002119A6B6001587D0 /* ViewController.swift */ = {isa = PBXFileReference; lastKnownFileType = sourcecode.swift; path = ViewController.swift; sourceTree = "<group>"; };
		359248032119A6B6001587D0 /* Base */ = {isa = PBXFileReference; lastKnownFileType = file.storyboard; name = Base; path = Base.lproj/Main.storyboard; sourceTree = "<group>"; };
		359248052119A6B8001587D0 /* Assets.xcassets */ = {isa = PBXFileReference; lastKnownFileType = folder.assetcatalog; path = Assets.xcassets; sourceTree = "<group>"; };
		359248082119A6B8001587D0 /* Base */ = {isa = PBXFileReference; lastKnownFileType = file.storyboard; name = Base; path = Base.lproj/LaunchScreen.storyboard; sourceTree = "<group>"; };
		3592480A2119A6B8001587D0 /* Info.plist */ = {isa = PBXFileReference; lastKnownFileType = text.plist.xml; path = Info.plist; sourceTree = "<group>"; };
		359248102119DFC6001587D0 /* target.png */ = {isa = PBXFileReference; lastKnownFileType = image.png; path = target.png; sourceTree = SOURCE_ROOT; };
/* End PBXFileReference section */

/* Begin PBXFrameworksBuildPhase section */
		359247F62119A6B6001587D0 /* Frameworks */ = {
			isa = PBXFrameworksBuildPhase;
			buildActionMask = 2147483647;
			files = (
			);
			runOnlyForDeploymentPostprocessing = 0;
		};
/* End PBXFrameworksBuildPhase section */

/* Begin PBXGroup section */
		359247F02119A6B6001587D0 = {
			isa = PBXGroup;
			children = (
				359247FB2119A6B6001587D0 /* weirdStuff */,
				359247FA2119A6B6001587D0 /* Products */,
			);
			sourceTree = "<group>";
		};
		359247FA2119A6B6001587D0 /* Products */ = {
			isa = PBXGroup;
			children = (
				359247F92119A6B6001587D0 /* weirdStuff.app */,
			);
			name = Products;
			sourceTree = "<group>";
		};
		359247FB2119A6B6001587D0 /* weirdStuff */ = {
			isa = PBXGroup;
			children = (
				359247FC2119A6B6001587D0 /* AppDelegate.swift */,
				359247FE2119A6B6001587D0 /* art.scnassets */,
				359248002119A6B6001587D0 /* ViewController.swift */,
				359248022119A6B6001587D0 /* Main.storyboard */,
				359248102119DFC6001587D0 /* target.png */,
				359248052119A6B8001587D0 /* Assets.xcassets */,
				359248072119A6B8001587D0 /* LaunchScreen.storyboard */,
				3592480A2119A6B8001587D0 /* Info.plist */,
			);
			path = weirdStuff;
			sourceTree = "<group>";
		};
/* End PBXGroup section */

/* Begin PBXNativeTarget section */
		359247F82119A6B6001587D0 /* weirdStuff */ = {
			isa = PBXNativeTarget;
			buildConfigurationList = 3592480D2119A6B8001587D0 /* Build configuration list for PBXNativeTarget "weirdStuff" */;
			buildPhases = (
				359247F52119A6B6001587D0 /* Sources */,
				359247F62119A6B6001587D0 /* Frameworks */,
				359247F72119A6B6001587D0 /* Resources */,
			);
			buildRules = (
			);
			dependencies = (
			);
			name = weirdStuff;
			productName = weirdStuff;
			productReference = 359247F92119A6B6001587D0 /* weirdStuff.app */;
			productType = "com.apple.product-type.application";
		};
/* End PBXNativeTarget section */

/* Begin PBXProject section */
		359247F12119A6B6001587D0 /* Project object */ = {
			isa = PBXProject;
			attributes = {
				LastSwiftUpdateCheck = 0940;
				LastUpgradeCheck = 0940;
				ORGANIZATIONNAME = "Phuong Ngo";
				TargetAttributes = {
					359247F82119A6B6001587D0 = {
						CreatedOnToolsVersion = 9.4.1;
					};
				};
			};
			buildConfigurationList = 359247F42119A6B6001587D0 /* Build configuration list for PBXProject "weirdStuff" */;
			compatibilityVersion = "Xcode 9.3";
			developmentRegion = en;
			hasScannedForEncodings = 0;
			knownRegions = (
				en,
				Base,
			);
			mainGroup = 359247F02119A6B6001587D0;
			productRefGroup = 359247FA2119A6B6001587D0 /* Products */;
			projectDirPath = "";
			projectRoot = "";
			targets = (
				359247F82119A6B6001587D0 /* weirdStuff */,
			);
		};
/* End PBXProject section */

/* Begin PBXResourcesBuildPhase section */
		359247F72119A6B6001587D0 /* Resources */ = {
			isa = PBXResourcesBuildPhase;
			buildActionMask = 2147483647;
			files = (
				359247FF2119A6B6001587D0 /* art.scnassets in Resources */,
				359248092119A6B8001587D0 /* LaunchScreen.storyboard in Resources */,
				359248062119A6B8001587D0 /* Assets.xcassets in Resources */,
				359248042119A6B6001587D0 /* Main.storyboard in Resources */,
				359248112119DFC6001587D0 /* target.png in Resources */,
			);
			runOnlyForDeploymentPostprocessing = 0;
		};
/* End PBXResourcesBuildPhase section */

/* Begin PBXSourcesBuildPhase section */
		359247F52119A6B6001587D0 /* Sources */ = {
			isa = PBXSourcesBuildPhase;
			buildActionMask = 2147483647;
			files = (
				359248012119A6B6001587D0 /* ViewController.swift in Sources */,
				359247FD2119A6B6001587D0 /* AppDelegate.swift in Sources */,
			);
			runOnlyForDeploymentPostprocessing = 0;
		};
/* End PBXSourcesBuildPhase section */

/* Begin PBXVariantGroup section */
		359248022119A6B6001587D0 /* Main.storyboard */ = {
			isa = PBXVariantGroup;
			children = (
				359248032119A6B6001587D0 /* Base */,
			);
			name = Main.storyboard;
			sourceTree = "<group>";
		};
		359248072119A6B8001587D0 /* LaunchScreen.storyboard */ = {
			isa = PBXVariantGroup;
			children = (
				359248082119A6B8001587D0 /* Base */,
			);
			name = LaunchScreen.storyboard;
			sourceTree = "<group>";
		};
/* End PBXVariantGroup section */

/* Begin XCBuildConfiguration section */
		3592480B2119A6B8001587D0 /* Debug */ = {
			isa = XCBuildConfiguration;
			buildSettings = {
				ALWAYS_SEARCH_USER_PATHS = NO;
				CLANG_ANALYZER_NONNULL = YES;
				CLANG_ANALYZER_NUMBER_OBJECT_CONVERSION = YES_AGGRESSIVE;
				CLANG_CXX_LANGUAGE_STANDARD = "gnu++14";
				CLANG_CXX_LIBRARY = "libc++";
				CLANG_ENABLE_MODULES = YES;
				CLANG_ENABLE_OBJC_ARC = YES;
				CLANG_ENABLE_OBJC_WEAK = YES;
				CLANG_WARN_BLOCK_CAPTURE_AUTORELEASING = YES;
				CLANG_WARN_BOOL_CONVERSION = YES;
				CLANG_WARN_COMMA = YES;
				CLANG_WARN_CONSTANT_CONVERSION = YES;
				CLANG_WARN_DEPRECATED_OBJC_IMPLEMENTATIONS = YES;
				CLANG_WARN_DIRECT_OBJC_ISA_USAGE = YES_ERROR;
				CLANG_WARN_DOCUMENTATION_COMMENTS = YES;
				CLANG_WARN_EMPTY_BODY = YES;
				CLANG_WARN_ENUM_CONVERSION = YES;
				CLANG_WARN_INFINITE_RECURSION = YES;
				CLANG_WARN_INT_CONVERSION = YES;
				CLANG_WARN_NON_LITERAL_NULL_CONVERSION = YES;
				CLANG_WARN_OBJC_IMPLICIT_RETAIN_SELF = YES;
				CLANG_WARN_OBJC_LITERAL_CONVERSION = YES;
				CLANG_WARN_OBJC_ROOT_CLASS = YES_ERROR;
				CLANG_WARN_RANGE_LOOP_ANALYSIS = YES;
				CLANG_WARN_STRICT_PROTOTYPES = YES;
				CLANG_WARN_SUSPICIOUS_MOVE = YES;
				CLANG_WARN_UNGUARDED_AVAILABILITY = YES_AGGRESSIVE;
				CLANG_WARN_UNREACHABLE_CODE = YES;
				CLANG_WARN__DUPLICATE_METHOD_MATCH = YES;
				CODE_SIGN_IDENTITY = "iPhone Developer";
				COPY_PHASE_STRIP = NO;
				DEBUG_INFORMATION_FORMAT = dwarf;
				ENABLE_STRICT_OBJC_MSGSEND = YES;
				ENABLE_TESTABILITY = YES;
				GCC_C_LANGUAGE_STANDARD = gnu11;
				GCC_DYNAMIC_NO_PIC = NO;
				GCC_NO_COMMON_BLOCKS = YES;
				GCC_OPTIMIZATION_LEVEL = 0;
				GCC_PREPROCESSOR_DEFINITIONS = (
					"DEBUG=1",
					"$(inherited)",
				);
				GCC_WARN_64_TO_32_BIT_CONVERSION = YES;
				GCC_WARN_ABOUT_RETURN_TYPE = YES_ERROR;
				GCC_WARN_UNDECLARED_SELECTOR = YES;
				GCC_WARN_UNINITIALIZED_AUTOS = YES_AGGRESSIVE;
				GCC_WARN_UNUSED_FUNCTION = YES;
				GCC_WARN_UNUSED_VARIABLE = YES;
				IPHONEOS_DEPLOYMENT_TARGET = 11.4;
				MTL_ENABLE_DEBUG_INFO = YES;
				ONLY_ACTIVE_ARCH = YES;
				SDKROOT = iphoneos;
				SWIFT_ACTIVE_COMPILATION_CONDITIONS = DEBUG;
				SWIFT_OPTIMIZATION_LEVEL = "-Onone";
			};
			name = Debug;
		};
		3592480C2119A6B8001587D0 /* Release */ = {
			isa = XCBuildConfiguration;
			buildSettings = {
				ALWAYS_SEARCH_USER_PATHS = NO;
				CLANG_ANALYZER_NONNULL = YES;
				CLANG_ANALYZER_NUMBER_OBJECT_CONVERSION = YES_AGGRESSIVE;
				CLANG_CXX_LANGUAGE_STANDARD = "gnu++14";
				CLANG_CXX_LIBRARY = "libc++";
				CLANG_ENABLE_MODULES = YES;
				CLANG_ENABLE_OBJC_ARC = YES;
				CLANG_ENABLE_OBJC_WEAK = YES;
				CLANG_WARN_BLOCK_CAPTURE_AUTORELEASING = YES;
				CLANG_WARN_BOOL_CONVERSION = YES;
				CLANG_WARN_COMMA = YES;
				CLANG_WARN_CONSTANT_CONVERSION = YES;
				CLANG_WARN_DEPRECATED_OBJC_IMPLEMENTATIONS = YES;
				CLANG_WARN_DIRECT_OBJC_ISA_USAGE = YES_ERROR;
				CLANG_WARN_DOCUMENTATION_COMMENTS = YES;
				CLANG_WARN_EMPTY_BODY = YES;
				CLANG_WARN_ENUM_CONVERSION = YES;
				CLANG_WARN_INFINITE_RECURSION = YES;
				CLANG_WARN_INT_CONVERSION = YES;
				CLANG_WARN_NON_LITERAL_NULL_CONVERSION = YES;
				CLANG_WARN_OBJC_IMPLICIT_RETAIN_SELF = YES;
				CLANG_WARN_OBJC_LITERAL_CONVERSION = YES;
				CLANG_WARN_OBJC_ROOT_CLASS = YES_ERROR;
				CLANG_WARN_RANGE_LOOP_ANALYSIS = YES;
				CLANG_WARN_STRICT_PROTOTYPES = YES;
				CLANG_WARN_SUSPICIOUS_MOVE = YES;
				CLANG_WARN_UNGUARDED_AVAILABILITY = YES_AGGRESSIVE;
				CLANG_WARN_UNREACHABLE_CODE = YES;
				CLANG_WARN__DUPLICATE_METHOD_MATCH = YES;
				CODE_SIGN_IDENTITY = "iPhone Developer";
				COPY_PHASE_STRIP = NO;
				DEBUG_INFORMATION_FORMAT = "dwarf-with-dsym";
				ENABLE_NS_ASSERTIONS = NO;
				ENABLE_STRICT_OBJC_MSGSEND = YES;
				GCC_C_LANGUAGE_STANDARD = gnu11;
				GCC_NO_COMMON_BLOCKS = YES;
				GCC_WARN_64_TO_32_BIT_CONVERSION = YES;
				GCC_WARN_ABOUT_RETURN_TYPE = YES_ERROR;
				GCC_WARN_UNDECLARED_SELECTOR = YES;
				GCC_WARN_UNINITIALIZED_AUTOS = YES_AGGRESSIVE;
				GCC_WARN_UNUSED_FUNCTION = YES;
				GCC_WARN_UNUSED_VARIABLE = YES;
				IPHONEOS_DEPLOYMENT_TARGET = 11.4;
				MTL_ENABLE_DEBUG_INFO = NO;
				SDKROOT = iphoneos;
				SWIFT_COMPILATION_MODE = wholemodule;
				SWIFT_OPTIMIZATION_LEVEL = "-O";
				VALIDATE_PRODUCT = YES;
			};
			name = Release;
		};
		3592480E2119A6B8001587D0 /* Debug */ = {
			isa = XCBuildConfiguration;
			buildSettings = {
				ASSETCATALOG_COMPILER_APPICON_NAME = AppIcon;
				CODE_SIGN_STYLE = Automatic;
				DEVELOPMENT_TEAM = GKWJ3H77K3;
				INFOPLIST_FILE = weirdStuff/Info.plist;
				LD_RUNPATH_SEARCH_PATHS = (
					"$(inherited)",
					"@executable_path/Frameworks",
				);
				PRODUCT_BUNDLE_IDENTIFIER = me.ngompung.playground.weirdStuff;
				PRODUCT_NAME = "$(TARGET_NAME)";
				SWIFT_VERSION = 4.0;
				TARGETED_DEVICE_FAMILY = "1,2";
			};
			name = Debug;
		};
		3592480F2119A6B8001587D0 /* Release */ = {
			isa = XCBuildConfiguration;
			buildSettings = {
				ASSETCATALOG_COMPILER_APPICON_NAME = AppIcon;
				CODE_SIGN_STYLE = Automatic;
				DEVELOPMENT_TEAM = GKWJ3H77K3;
				INFOPLIST_FILE = weirdStuff/Info.plist;
				LD_RUNPATH_SEARCH_PATHS = (
					"$(inherited)",
					"@executable_path/Frameworks",
				);
				PRODUCT_BUNDLE_IDENTIFIER = me.ngompung.playground.weirdStuff;
				PRODUCT_NAME = "$(TARGET_NAME)";
				SWIFT_VERSION = 4.0;
				TARGETED_DEVICE_FAMILY = "1,2";
			};
			name = Release;
		};
/* End XCBuildConfiguration section */

/* Begin XCConfigurationList section */
		359247F42119A6B6001587D0 /* Build configuration list for PBXProject "weirdStuff" */ = {
			isa = XCConfigurationList;
			buildConfigurations = (
				3592480B2119A6B8001587D0 /* Debug */,
				3592480C2119A6B8001587D0 /* Release */,
			);
			defaultConfigurationIsVisible = 0;
			defaultConfigurationName = Release;
		};
		3592480D2119A6B8001587D0 /* Build configuration list for PBXNativeTarget "weirdStuff" */ = {
			isa = XCConfigurationList;
			buildConfigurations = (
				3592480E2119A6B8001587D0 /* Debug */,
				3592480F2119A6B8001587D0 /* Release */,
			);
			defaultConfigurationIsVisible = 0;
			defaultConfigurationName = Release;
		};
/* End XCConfigurationList section */
	};
	rootObject = 359247F12119A6B6001587D0 /* Project object */;
}
